
Microsoft Visual Studio Solution File, Format Version 12.00
# Visual Studio Version 16
VisualStudioVersion = 16.0.29911.84
MinimumVisualStudioVersion = 10.0.40219.1
Project("{9A19103F-16F7-4668-BE54-9A1E7A4F7556}") = "MarketsTracker", "MarketsTracker\MarketsTracker.csproj", "{DD3FF5F4-3024-4F23-9D5D-C1D713D982A8}"
EndProject
Project("{9A19103F-16F7-4668-BE54-9A1E7A4F7556}") = "MarketsTracker.DAL", "MarketsTracker.DAL\MarketsTracker.DAL.csproj", "{AAC354D2-DE37-4AD9-8EF4-34DF1AAC97FF}"
EndProject
Project("{9A19103F-16F7-4668-BE54-9A1E7A4F7556}") = "MarketsTracker.Common", "MarketsTacker.Common\MarketsTracker.Common.csproj", "{0C57C04A-6F98-4A79-90A8-737BFD50939F}"
EndProject
Project("{9A19103F-16F7-4668-BE54-9A1E7A4F7556}") = "MarketsTracker.Model", "MarketsTracker.Model\MarketsTracker.Model.csproj", "{8530667D-0047-4D85-A97D-228F29DA65FD}"
EndProject
Project("{9A19103F-16F7-4668-BE54-9A1E7A4F7556}") = "MarketsTracker.BL", "MarketsTracker.BL\MarketsTracker.BL.csproj", "{54F5ADC6-0423-4305-AC2A-AE89BB5B59B7}"
EndProject
Project("{2150E333-8FDC-42A3-9474-1A3956D46DE8}") = "Office", "Office", "{3B54A507-3674-476C-85FD-1EC3C78B5A4D}"
EndProject
Project("{2150E333-8FDC-42A3-9474-1A3956D46DE8}") = "1", "1", "{61985E7C-B8AE-472C-A7B4-B3D45ED94F52}"
	ProjectSection(SolutionItems) = preProject
		Office.js = Office.js
	EndProjectSection
EndProject
Global
	GlobalSection(SolutionConfigurationPlatforms) = preSolution
		Debug|Any CPU = Debug|Any CPU
		Release|Any CPU = Release|Any CPU
	EndGlobalSection
	GlobalSection(ProjectConfigurationPlatforms) = postSolution
		{DD3FF5F4-3024-4F23-9D5D-C1D713D982A8}.Debug|Any CPU.ActiveCfg = Debug|Any CPU
		{DD3FF5F4-3024-4F23-9D5D-C1D713D982A8}.Debug|Any CPU.Build.0 = Debug|Any CPU
		{DD3FF5F4-3024-4F23-9D5D-C1D713D982A8}.Release|Any CPU.ActiveCfg = Release|Any CPU
		{DD3FF5F4-3024-4F23-9D5D-C1D713D982A8}.Release|Any CPU.Build.0 = Release|Any CPU
		{AAC354D2-DE37-4AD9-8EF4-34DF1AAC97FF}.Debug|Any CPU.ActiveCfg = Debug|Any CPU
		{AAC354D2-DE37-4AD9-8EF4-34DF1AAC97FF}.Debug|Any CPU.Build.0 = Debug|Any CPU
		{AAC354D2-DE37-4AD9-8EF4-34DF1AAC97FF}.Release|Any CPU.ActiveCfg = Release|Any CPU
		{AAC354D2-DE37-4AD9-8EF4-34DF1AAC97FF}.Release|Any CPU.Build.0 = Release|Any CPU
		{0C57C04A-6F98-4A79-90A8-737BFD50939F}.Debug|Any CPU.ActiveCfg = Debug|Any CPU
		{0C57C04A-6F98-4A79-90A8-737BFD50939F}.Debug|Any CPU.Build.0 = Debug|Any CPU
		{0C57C04A-6F98-4A79-90A8-737BFD50939F}.Release|Any CPU.ActiveCfg = Release|Any CPU
		{0C57C04A-6F98-4A79-90A8-737BFD50939F}.Release|Any CPU.Build.0 = Release|Any CPU
		{8530667D-0047-4D85-A97D-228F29DA65FD}.Debug|Any CPU.ActiveCfg = Debug|Any CPU
		{8530667D-0047-4D85-A97D-228F29DA65FD}.Debug|Any CPU.Build.0 = Debug|Any CPU
		{8530667D-0047-4D85-A97D-228F29DA65FD}.Release|Any CPU.ActiveCfg = Release|Any CPU
		{8530667D-0047-4D85-A97D-228F29DA65FD}.Release|Any CPU.Build.0 = Release|Any CPU
		{54F5ADC6-0423-4305-AC2A-AE89BB5B59B7}.Debug|Any CPU.ActiveCfg = Debug|Any CPU
		{54F5ADC6-0423-4305-AC2A-AE89BB5B59B7}.Debug|Any CPU.Build.0 = Debug|Any CPU
		{54F5ADC6-0423-4305-AC2A-AE89BB5B59B7}.Release|Any CPU.ActiveCfg = Release|Any CPU
		{54F5ADC6-0423-4305-AC2A-AE89BB5B59B7}.Release|Any CPU.Build.0 = Release|Any CPU
	EndGlobalSection
	GlobalSection(SolutionProperties) = preSolution
		HideSolutionNode = FALSE
	EndGlobalSection
	GlobalSection(NestedProjects) = preSolution
		{61985E7C-B8AE-472C-A7B4-B3D45ED94F52} = {3B54A507-3674-476C-85FD-1EC3C78B5A4D}
	EndGlobalSection
	GlobalSection(ExtensibilityGlobals) = postSolution
		SolutionGuid = {F0D7DABA-B4D9-48FA-A702-7FD6B5FDD132}
	EndGlobalSection
EndGlobal
